{
  "version": 2,
  "dependencies": {
    "net10.0": {
      "Avalonia": {
        "type": "Direct",
        "requested": "[11.3.10, )",
        "resolved": "11.3.10",
        "contentHash": "fAZmy1oOzQzBlg0Mm8QawA2439LmXHmX7hHEucfvGmAfibCUtQ0wgedl4b3XRd4Y8pH50kAlsg5DPG7ARtGa2A==",
        "dependencies": {
          "Avalonia.BuildServices": "11.3.2",
          "Avalonia.Remote.Protocol": "11.3.10",
          "MicroCom.Runtime": "0.11.0"
        }
      },
      "Avalonia.Diagnostics": {
        "type": "Direct",
        "requested": "[11.3.10, )",
        "resolved": "11.3.10",
        "contentHash": "8YbX1fdpsJeZfgBrjQy9KFPkJULwoVe1/oOspgKx3WNW7K52V8uYxvMNvd12AUn1BulVcsglSMzsDHtX50gicg==",
        "dependencies": {
          "Avalonia": "11.3.10",
          "Avalonia.Controls.ColorPicker": "11.3.10",
          "Avalonia.Themes.Simple": "11.3.10"
        }
      },
      "Avalonia.Fonts.Inter": {
        "type": "Direct",
        "requested": "[11.3.10, )",
        "resolved": "11.3.10",
        "contentHash": "k55hTUepo0++6k5pogZGeGfnaqgrJKQbur1R6G2KEfcuVEI8VEeHIrPVm14ItFoB68xH+E9LnRjs7bvhlXNcvg==",
        "dependencies": {
          "Avalonia": "11.3.10"
        }
      },
      "Avalonia.Themes.Fluent": {
        "type": "Direct",
        "requested": "[11.3.10, )",
        "resolved": "11.3.10",
        "contentHash": "K5QkJZYKbKUqLY9FbtSfihzO7n35cDcisQY9ohTfKBe/GQpmEqhy6BdazBDu8Iq/o7DfLUaNINbqCysvouiJIw==",
        "dependencies": {
          "Avalonia": "11.3.10"
        }
      },
      "ReactiveUI.Avalonia": {
        "type": "Direct",
        "requested": "[11.3.8, )",
        "resolved": "11.3.8",
        "contentHash": "8GtFnYCyjcuTlGuUhvMMrY/sUmjuzSQbbtNQ3LYZEW7tkzXixDYnHZzqZU73W+NOnq2sBxds7gSUO52igFWVUw==",
        "dependencies": {
          "Avalonia": "11.3.8",
          "ReactiveUI": "22.2.1",
          "Splat": "17.1.1"
        }
      },
      "Avalonia.BuildServices": {
        "type": "Transitive",
        "resolved": "11.3.2",
        "contentHash": "qHDToxto1e3hci5YqbG9n0Ty8mlp3zBUN5wT66wKqaDVzXyQ0do3EnRILd4Ke9jpvsktaPpgE0YjEk7hornryQ=="
      },
      "Avalonia.Controls.ColorPicker": {
        "type": "Transitive",
        "resolved": "11.3.10",
        "contentHash": "KRlU3aPinqxcgP2471m73qi+qj+XZ24/d/vPwnpmA0Jy977h8iWDzDafnv4PCv8RTvnyt3duVmGTdxJHMmvoow==",
        "dependencies": {
          "Avalonia": "11.3.10",
          "Avalonia.Remote.Protocol": "11.3.10"
        }
      },
      "Avalonia.Remote.Protocol": {
        "type": "Transitive",
        "resolved": "11.3.10",
        "contentHash": "DyNUbh9IfH+AL3KKob8p4IPZk7BvDMIB3ub13gJTrICfaMQiU7QsE0U05rfNFKJEdMmK0MBTL/Y+8BnaLVrDPw=="
      },
      "Avalonia.Themes.Simple": {
        "type": "Transitive",
        "resolved": "11.3.10",
        "contentHash": "SwmIVuKZEiVW7lyflK9WWFo1Aw4BA5UJJviLoAwvw0x3HtnT5LDtlEzzkV7qiWxijaatMCP/xQH5k1NJnPSC+w==",
        "dependencies": {
          "Avalonia": "11.3.10"
        }
      },
      "DynamicData": {
        "type": "Transitive",
        "resolved": "9.4.1",
        "contentHash": "+SoDTbuzY9j0K+sZfRbbVpGjjylkVMhUQnw6qiPhxzYLBJlwxFpmunXSaNBtTxwC2C9d/XIp0kO7VhMAVuUt7w==",
        "dependencies": {
          "System.Reactive": "6.0.1"
        }
      },
      "MicroCom.Runtime": {
        "type": "Transitive",
        "resolved": "0.11.0",
        "contentHash": "MEnrZ3UIiH40hjzMDsxrTyi8dtqB5ziv3iBeeU4bXsL/7NLSal9F1lZKpK+tfBRnUoDSdtcW3KufE4yhATOMCA=="
      },
      "ReactiveUI": {
        "type": "Transitive",
        "resolved": "22.2.1",
        "contentHash": "P0ZaWZdRVoycwfcEpkC8C/b9mbEJmueTPkBA4PON9NiopGjUY2YhIP5Dm8lki/FLH9aiKt18NXsDwv/mgO/1Dw==",
        "dependencies": {
          "DynamicData": "9.4.1",
          "Splat": "17.1.1",
          "System.Reactive": "6.1.0"
        }
      },
      "Splat": {
        "type": "Transitive",
        "resolved": "17.1.1",
        "contentHash": "WwSoJ6aPHlXwWS2jfUtKQIgzQQDSuE/iGbqEFRcM1DKVQelf+XSfnaur6oAqzECobuJLC9nqUMeDH19gU6JDag==",
        "dependencies": {
          "Splat.Builder": "17.1.1",
          "Splat.Logging": "17.1.1",
          "System.Reactive": "6.0.2"
        }
      },
      "Splat.Builder": {
        "type": "Transitive",
        "resolved": "17.1.1",
        "contentHash": "xlA5ErMwa/mg//uC5Ajv4ns3HbWXE0VJiyfupdsLfC+1HPf2MIUUk9ViYxwearB9nkZ+mAmteVD0keBhg/LYsQ==",
        "dependencies": {
          "Splat.Core": "17.1.1",
          "System.Reactive": "6.0.2"
        }
      },
      "Splat.Core": {
        "type": "Transitive",
        "resolved": "17.1.1",
        "contentHash": "sRNcO9EcnrCMr2OF4IxD8gcHtIAfCi98GwVZEK9X294RQEBIsy7sHwy8fndlxLguIHvjDJMz85v+qd226pwdNw==",
        "dependencies": {
          "System.Reactive": "6.0.2"
        }
      },
      "Splat.Logging": {
        "type": "Transitive",
        "resolved": "17.1.1",
        "contentHash": "OSkQVj6/hYVHa0taPasaknuOLw4l8CH9oTFRNuFayDowhHtGg6+UQb2LeSJXV+EXRmUL2E/TFz2ucitnQyTXJQ==",
        "dependencies": {
          "Splat.Core": "17.1.1",
          "System.Reactive": "6.0.2"
        }
      },
      "System.Reactive": {
        "type": "Transitive",
        "resolved": "6.1.0",
        "contentHash": "M5cCC1ZMkZr9jbSQGTHnVkb5TDN67qWCV7AP8TAHdGkvDlu0puT5NzemESNn9+HkYIDpWpocP68/i+/ame2/2w=="
      }
    }
  }
}