{
  "version": 2,
  "dependencies": {
    "net10.0": {
      "MudBlazor.FontIcons.MaterialIcons": {
        "type": "Direct",
        "requested": "[1.3.0, )",
        "resolved": "1.3.0",
        "contentHash": "v4fPaZKINhb84hIWdVGa42k9JhputQ+EsH0oGK+6RpN5ComqQUo9mEbZaWSpYNIVGdo37cZXv5tz3KLRaX4s7g==",
        "dependencies": {
          "Microsoft.AspNetCore.Components.Web": "7.0.0"
        }
      },
      "MudBlazor.FontIcons.MaterialSymbols": {
        "type": "Direct",
        "requested": "[1.3.0, )",
        "resolved": "1.3.0",
        "contentHash": "Sl2U2s157pWiD+GNkMI+yWeJdP41HoI+zJH/HTwNt59uMAfEF+lKCh3Ou4hOkkl/CU5fCi0ptzBkGRroYWxVQA==",
        "dependencies": {
          "Microsoft.AspNetCore.Components.Web": "7.0.0"
        }
      },
      "Humanizer.Core": {
        "type": "Transitive",
        "resolved": "3.0.1",
        "contentHash": "scB3+KcxNmEjZK5V8rKCW2gIiL8m8KH91w14FuuExyhi9xTyAJ+jr+DDxGdy12mHmioe2uvjxTfMgM7WmSUFlw=="
      },
      "Humanizer.Core.af": {
        "type": "Transitive",
        "resolved": "3.0.1",
        "contentHash": "LKNTk2cl3wkK4Nhkbi7YQ0OnxzUvmJNOCUjCwy7rk/NBSSz909HfvC6eshjjWX1owE5Fnk5fyHzq//5vN0IOfw==",
        "dependencies": {
          "Humanizer.Core": "[3.0.1]"
        }
      },
      "Humanizer.Core.ar": {
        "type": "Transitive",
        "resolved": "3.0.1",
        "contentHash": "c4V0Kq4HSL9dCfTHiWrs/75E/2j0X+N5Sto+a+0BbUB5o5+Tr1aE0D99amCQPnDb6GeU/v/Cxejdhmtyu9TWwQ==",
        "dependencies": {
          "Humanizer.Core": "[3.0.1]"
        }
      },
      "Humanizer.Core.az": {
        "type": "Transitive",
        "resolved": "3.0.1",
        "contentHash": "ZOdgketyLCdqswUMCY//oM/zIctTxW542GoE6xa+VJ6kAZ6KjDcYJORxkTaK+q7pXW7u/KiGKEH2E71WiePG8w==",
        "dependencies": {
          "Humanizer.Core": "[3.0.1]"
        }
      },
      "Humanizer.Core.bg": {
        "type": "Transitive",
        "resolved": "3.0.1",
        "contentHash": "b0cHZdnOEHc/3GHlo3dwsDZY8Gf/YZZ2u1znVfPRdOxjUfbUIA1SrNynNXgKiqWIKoG6ugprEkmD7p+/OF3AdA==",
        "dependencies": {
          "Humanizer.Core": "[3.0.1]"
        }
      },
      "Humanizer.Core.bn": {
        "type": "Transitive",
        "resolved": "3.0.1",
        "contentHash": "vGmTf3p4jcCO9C9F5Z04pGnuLvfKQMQnbxvtY2qsIUJEqmQ5lZ1/F0CzOd6Rvbx3dIhQ+0wDoXE3iYEmmBAQTw==",
        "dependencies": {
          "Humanizer.Core": "[3.0.1]"
        }
      },
      "Humanizer.Core.ca": {
        "type": "Transitive",
        "resolved": "3.0.1",
        "contentHash": "AG8zl+fXOl6B9XrjPl+L2emKHNkygO7/7TwecNdmVRQNCSxxvm214K81RGMFEyPpTmUKpwx6Uqv8ADbjjonGMQ==",
        "dependencies": {
          "Humanizer.Core": "[3.0.1]"
        }
      },
      "Humanizer.Core.cs": {
        "type": "Transitive",
        "resolved": "3.0.1",
        "contentHash": "UAt+Nfe2bjK6b2RD0paI/755I8tbFGu4rfwNAUKUM/M7n+F5MLHTlSaRZiKsd45s92WvXxOrkO3bccFRNL2Amw==",
        "dependencies": {
          "Humanizer.Core": "[3.0.1]"
        }
      },
      "Humanizer.Core.da": {
        "type": "Transitive",
        "resolved": "3.0.1",
        "contentHash": "DTRHLcwR3WLCwz8M3O5FeZFHdssPdIKkTMJbDm6s93ae/K7hrOrTGPlCkv1yE9ZobKAIUxB9Wdm9YSfDxhngTQ==",
        "dependencies": {
          "Humanizer.Core": "[3.0.1]"
        }
      },
      "Humanizer.Core.de": {
        "type": "Transitive",
        "resolved": "3.0.1",
        "contentHash": "MGgIR1+RDxJUctd40yP4xBI7afd3agcGcq6vLd06NhtBInicTeswu1iaBYKOh0rciY86pl4Nww/B0Cg7rXUZUQ==",
        "dependencies": {
          "Humanizer.Core": "[3.0.1]"
        }
      },
      "Humanizer.Core.el": {
        "type": "Transitive",
        "resolved": "3.0.1",
        "contentHash": "XS0TXXGf+Ei3lQJmyptLAZzCfY7Ffkv1O2sZrW5uA7pWnSjsupMZjSmEv2X4oo7Zu1ZRK+bB9S0e7rkqDWpn8A==",
        "dependencies": {
          "Humanizer.Core": "[3.0.1]"
        }
      },
      "Humanizer.Core.es": {
        "type": "Transitive",
        "resolved": "3.0.1",
        "contentHash": "6yqGUvfwQfzKwR5ocYIG+qUoPG2SDua7WaaEb9O0xTT1QmqRL0Crzsc07ciHgOZilKB079YDJh1F9ltHFZZyxA==",
        "dependencies": {
          "Humanizer.Core": "[3.0.1]"
        }
      },
      "Humanizer.Core.fa": {
        "type": "Transitive",
        "resolved": "3.0.1",
        "contentHash": "V3F+5SMORKekzej0m89qu5zm76Kqe0I016qBHjwsy7jd1nL3xnEEixPatqQoMtluWw8mUUL3NTYC7EFTR7AEZw==",
        "dependencies": {
          "Humanizer.Core": "[3.0.1]"
        }
      },
      "Humanizer.Core.fi": {
        "type": "Transitive",
        "resolved": "3.0.1",
        "contentHash": "fg8ZPwuheKZ5dZn8cc12c9KWJlugwhvXCvGymRKF8E5wETvkz4a/aVRaGaA0euCf1fbou+LT7JvPkWanow5sVA==",
        "dependencies": {
          "Humanizer.Core": "[3.0.1]"
        }
      },
      "Humanizer.Core.fil": {
        "type": "Transitive",
        "resolved": "3.0.1",
        "contentHash": "Fuld+Fb3fSuxsVzaLV+It4CNQgXX3kwo3ZDOYD+vyJQ3miEmbswB79wrCsxzF9vD6dxSEUM6c1RuOHlQApQiSw==",
        "dependencies": {
          "Humanizer.Core": "[3.0.1]"
        }
      },
      "Humanizer.Core.fr": {
        "type": "Transitive",
        "resolved": "3.0.1",
        "contentHash": "YvBU3L/8yWGO5TZG9wuZejcAFyYKUYUBcRd/0aBj29yAFaU7AxOVMDkvAZ4Djjvqaa2FGM+5aURfS7V4vMfegA==",
        "dependencies": {
          "Humanizer.Core": "[3.0.1]"
        }
      },
      "Humanizer.Core.he": {
        "type": "Transitive",
        "resolved": "3.0.1",
        "contentHash": "/cUou0hORxlbXBwwHh7PtZ1i0hlBbD9QkoOBYEwmr7e+xIyVNfH6lAfGS0ZPsuX+QHRzCn4mURK/hBaLKDVolw==",
        "dependencies": {
          "Humanizer.Core": "[3.0.1]"
        }
      },
      "Humanizer.Core.hr": {
        "type": "Transitive",
        "resolved": "3.0.1",
        "contentHash": "F6zCt7cAKPZhHK0M26Gj+HttdYAEPt/JPEZ7I8Bk6pBDSXikq97Zn8Vj0UUj1MWYIDul2L4UP9+B41bXn/xe/A==",
        "dependencies": {
          "Humanizer.Core": "[3.0.1]"
        }
      },
      "Humanizer.Core.hu": {
        "type": "Transitive",
        "resolved": "3.0.1",
        "contentHash": "NrtTiA0vbU0qvWY6BCbJy/6dMoknrw/tfyHVXUDNSGcWRAqv5S7yiaYufSxaHiyUM4l8I5ZNZII2KJ7iqqL8sg==",
        "dependencies": {
          "Humanizer.Core": "[3.0.1]"
        }
      },
      "Humanizer.Core.hy": {
        "type": "Transitive",
        "resolved": "3.0.1",
        "contentHash": "aLjHh5XmzDI1pfGzN+z3bPVCgek8Z0K50MTyhaMKFWssa0PdqPFuwoF7ZwI1cyonZzif1LB1r6Ibrvgmw5OhQg==",
        "dependencies": {
          "Humanizer.Core": "[3.0.1]"
        }
      },
      "Humanizer.Core.id": {
        "type": "Transitive",
        "resolved": "3.0.1",
        "contentHash": "gpgTbOlZjnt+36Qn6KuNk+iO8zpc+Xg4YK8QazARmV71Jw2AFgWJHRZJZG0aUO+ssEAkAxVrpXxxKrTsUZjAtA==",
        "dependencies": {
          "Humanizer.Core": "[3.0.1]"
        }
      },
      "Humanizer.Core.is": {
        "type": "Transitive",
        "resolved": "3.0.1",
        "contentHash": "4RRKEa3ob42dDemSfP1oeo4Yp3U3kU21JivMdFFxsAW6mb8f7yUvGHCVe/FT3Jp1NvXhM3RS2s5vHbBrpDU8cg==",
        "dependencies": {
          "Humanizer.Core": "[3.0.1]"
        }
      },
      "Humanizer.Core.it": {
        "type": "Transitive",
        "resolved": "3.0.1",
        "contentHash": "pdKh1KxTDi5tQsT2rpChPWeLss7h2AsZB+RZrrTS9mkx1dFPw7aJfLDOP6mGiCSwjV16s9bJDOvTmIMgmbXfYA==",
        "dependencies": {
          "Humanizer.Core": "[3.0.1]"
        }
      },
      "Humanizer.Core.ja": {
        "type": "Transitive",
        "resolved": "3.0.1",
        "contentHash": "qQtb0A759FWcxs8wmrzSQDi97yXxwQQFgBmhYMJ/pll+meAO893jMd5qR9VzRkTTRjCAdU0wTVDWO3rpC7YBAQ==",
        "dependencies": {
          "Humanizer.Core": "[3.0.1]"
        }
      },
      "Humanizer.Core.ko": {
        "type": "Transitive",
        "resolved": "3.0.1",
        "contentHash": "pMkFipRR20mcBWILGNPryzmKdJXYsD24IfNpqWsAiEX4+/c+g+M9YUJwLbdY0oEi792Y3irdWUI1IpnfPcY8Iw==",
        "dependencies": {
          "Humanizer.Core": "[3.0.1]"
        }
      },
      "Humanizer.Core.ku": {
        "type": "Transitive",
        "resolved": "3.0.1",
        "contentHash": "7FZAyQ9qzJMrkDNSkrqcqx0ob7sdg0RWYI/M3yz6IaB5v8nqWO2WnPbPq78XGKGgL/fOiBT2XVKVqKYkdLrulA==",
        "dependencies": {
          "Humanizer.Core": "[3.0.1]"
        }
      },
      "Humanizer.Core.lb": {
        "type": "Transitive",
        "resolved": "3.0.1",
        "contentHash": "ktEeiniJT4syJvPnTXp+bcTQ6R6R7+Je9isCUKrmuDEoRJNr6OoFu36K5RTtvlUsasI7Ru2KP94uSSVnUcSLrA==",
        "dependencies": {
          "Humanizer.Core": "[3.0.1]"
        }
      },
      "Humanizer.Core.lt": {
        "type": "Transitive",
        "resolved": "3.0.1",
        "contentHash": "r5nkmODEYCb/wzmn1+ERWVuZQWLLF8n/zf5e82GSGXo1mgt00wTBLcduGUwIlaWsPo5zAS4eiWCkGLNezPfgLw==",
        "dependencies": {
          "Humanizer.Core": "[3.0.1]"
        }
      },
      "Humanizer.Core.lv": {
        "type": "Transitive",
        "resolved": "3.0.1",
        "contentHash": "4rsHaWK0iyYyHzWN83OZv1RcS8Ho96YoVPq0ZKrlSTfR5ig4xeDacjkoQOxBWDDEUFOlvR3Snno8xWQCE2dI1w==",
        "dependencies": {
          "Humanizer.Core": "[3.0.1]"
        }
      },
      "Humanizer.Core.ms": {
        "type": "Transitive",
        "resolved": "3.0.1",
        "contentHash": "9wHegXMF9bYdbtXGxkOBTB69pk3U3l3xN1JLhTSUyC3ZhzTlBILCewk93afthIOV+vaiQZlZzpK6WDe/ScRS7w==",
        "dependencies": {
          "Humanizer.Core": "[3.0.1]"
        }
      },
      "Humanizer.Core.mt": {
        "type": "Transitive",
        "resolved": "3.0.1",
        "contentHash": "I0kph898CunykQr+6gcXzMhlfuPBgUWY1l4+9Puqemm/WRJV4rdW+AVsGicqtwa5Fs2gFfrbtEVKrc1detS88A==",
        "dependencies": {
          "Humanizer.Core": "[3.0.1]"
        }
      },
      "Humanizer.Core.nb": {
        "type": "Transitive",
        "resolved": "3.0.1",
        "contentHash": "QopJKzTLbjA9z1+YqLRxLrlaXqCnjpAuT9ta3BlT1IZmaFijleh1TvsjmA1l7qkkKqUoumPR7L81Vh6CQu9/GA==",
        "dependencies": {
          "Humanizer.Core": "[3.0.1]"
        }
      },
      "Humanizer.Core.nl": {
        "type": "Transitive",
        "resolved": "3.0.1",
        "contentHash": "j5ddH/XUltLWrPZpHehjQwpPIfHoOUQqi6MCJpJUo106k2TPe+ipyzkhnnnibk9qK+Hd81ov817DhbAbbD2A7A==",
        "dependencies": {
          "Humanizer.Core": "[3.0.1]"
        }
      },
      "Humanizer.Core.pl": {
        "type": "Transitive",
        "resolved": "3.0.1",
        "contentHash": "WjOfc4AzpOZBNlCHsAASbTlvmv3kgQLW3h3vabx66QoehEGl/Kllq4GlNGQRc9kVLUVF7upVC4jSE7MjjtADlA==",
        "dependencies": {
          "Humanizer.Core": "[3.0.1]"
        }
      },
      "Humanizer.Core.pt": {
        "type": "Transitive",
        "resolved": "3.0.1",
        "contentHash": "/OehqYW5xklbEPr0aAYRLmc33/71OqPVjdmU5aYj3KcbNWFI+O0YhfdP2SQITEJGbkSXfr5YdsavkLzEMEfgOg==",
        "dependencies": {
          "Humanizer.Core": "[3.0.1]"
        }
      },
      "Humanizer.Core.pt-BR": {
        "type": "Transitive",
        "resolved": "3.0.1",
        "contentHash": "bZ1UXCWJtsboUjGREGrwO1ppyHj0cr1Z8xXc5IM7WyxVWnowYGBhyerqKO/Lwr8kdpmJncstSB4FsKnSjM39HQ==",
        "dependencies": {
          "Humanizer.Core": "[3.0.1]"
        }
      },
      "Humanizer.Core.ro": {
        "type": "Transitive",
        "resolved": "3.0.1",
        "contentHash": "ua23bRGks2wu4ZSRto8f2KRCBug0DjqmPylMlRT+I4geCGNlnrRdf5917gLaqyPQJ6eCDkKGET3D8D/lackB6Q==",
        "dependencies": {
          "Humanizer.Core": "[3.0.1]"
        }
      },
      "Humanizer.Core.ru": {
        "type": "Transitive",
        "resolved": "3.0.1",
        "contentHash": "Hffw9P/yRVOKwB0S+0878ve7wvHKBS22rqKiaJW6nr1VfmNSFNKdo1tYG9lkwT1POMy3g5b0xi0YqqEmUXtpWQ==",
        "dependencies": {
          "Humanizer.Core": "[3.0.1]"
        }
      },
      "Humanizer.Core.sk": {
        "type": "Transitive",
        "resolved": "3.0.1",
        "contentHash": "kb5oyCUqc7/WDX8fAD37rQveV/Cy9gXcFKy3rKc0sEoDHWIkgVg3y6sW8sPYG4sTuREkDbsOtifRLI+nnsr3Lg==",
        "dependencies": {
          "Humanizer.Core": "[3.0.1]"
        }
      },
      "Humanizer.Core.sl": {
        "type": "Transitive",
        "resolved": "3.0.1",
        "contentHash": "FNtrA7C13LUlpvz88tlsomW/KvlZ0S85MpOrxB5LomdmwJtuE6qAVicFsgEJFfCohqEh9RYJ6u5J2QLmtrXJrg==",
        "dependencies": {
          "Humanizer.Core": "[3.0.1]"
        }
      },
      "Humanizer.Core.sr": {
        "type": "Transitive",
        "resolved": "3.0.1",
        "contentHash": "mhxLDwyt9BdsHPdeVBDrJfZee8IMl2sx1edf1UzUe+L5R3iXX4DvDnM7+f3+WfKryPQQtTCAeovMy+jlC4O4NQ==",
        "dependencies": {
          "Humanizer.Core": "[3.0.1]"
        }
      },
      "Humanizer.Core.sr-Latn": {
        "type": "Transitive",
        "resolved": "3.0.1",
        "contentHash": "t4YT2guMSknD9c1FhrhhPVpxzQTrk4HxecOcKM8A18FMCnA6s/PbAF0ryjWvNo9Tnzzh8dS3VVlVKAm3S0cQcA==",
        "dependencies": {
          "Humanizer.Core": "[3.0.1]"
        }
      },
      "Humanizer.Core.sv": {
        "type": "Transitive",
        "resolved": "3.0.1",
        "contentHash": "GEjSEUWI0Mve2ZpUJa5YwmHWa8/FCc/Hsea7LiSp41gHWkvmh5HCC2wsz/39sc+C+FgA7OEUvXHDLC/Z3p0Hew==",
        "dependencies": {
          "Humanizer.Core": "[3.0.1]"
        }
      },
      "Humanizer.Core.th": {
        "type": "Transitive",
        "resolved": "3.0.1",
        "contentHash": "4g7znXXhYO7kyOhyqYp84Sv25q4LhVQjjY1JIaKXjpfKfDcYSmZ0aUyOXg14SvYbIinOvPR2XEiYdHHyT/uzDA==",
        "dependencies": {
          "Humanizer.Core": "[3.0.1]"
        }
      },
      "Humanizer.Core.tr": {
        "type": "Transitive",
        "resolved": "3.0.1",
        "contentHash": "g36S6Qo9BJumD7AQYux9/2pzQ2FFmRx4YJ7pOqz9UbJ/S2Ic1w3gGNU1YxnNnHTmPHEpo7abQFkCeh/47e0cMg==",
        "dependencies": {
          "Humanizer.Core": "[3.0.1]"
        }
      },
      "Humanizer.Core.uk": {
        "type": "Transitive",
        "resolved": "3.0.1",
        "contentHash": "tWPIN7k+S8skLeb1SPvOrM+6gonNkwj636hsGorKwua9Z2ggr41YB8gdx1wj52yCJ1wckLbjz5+l/6KVBpen6g==",
        "dependencies": {
          "Humanizer.Core": "[3.0.1]"
        }
      },
      "Humanizer.Core.uz-Cyrl-UZ": {
        "type": "Transitive",
        "resolved": "3.0.1",
        "contentHash": "3TRikS82eHOxeIXU0iKI26hAj0vLrx7beHtv6zsSpbp4akqUHWv15c9TP0hGVFSz+WOOWZPfpoRSEet4JsWPqA==",
        "dependencies": {
          "Humanizer.Core": "[3.0.1]"
        }
      },
      "Humanizer.Core.uz-Latn-UZ": {
        "type": "Transitive",
        "resolved": "3.0.1",
        "contentHash": "+O91D1kwMQ3EGSWl42RU9PBJu1hTyfcezVFE2FcdPi1YuPjT5FpPdjq0NUFujAUa5xSSxcfTI/Ultx6WXlAjOw==",
        "dependencies": {
          "Humanizer.Core": "[3.0.1]"
        }
      },
      "Humanizer.Core.vi": {
        "type": "Transitive",
        "resolved": "3.0.1",
        "contentHash": "9lNDn+MhtYoCDBSIEgQ8YRuYI3RGrw6ilX4u18e4OxwGg75xGr8DqQ6tAqMFpnmHqQXVz8/xc06nuPMLeUHfNQ==",
        "dependencies": {
          "Humanizer.Core": "[3.0.1]"
        }
      },
      "Humanizer.Core.zh-CN": {
        "type": "Transitive",
        "resolved": "3.0.1",
        "contentHash": "owiD1DAcG+ABrC0GmJm9qBfaDnFlQGwQUcQUH1Q+ZJLDNNEC8B45B9wY7droXaZbVUU8zQvg4AiHw2TEI1b3oA==",
        "dependencies": {
          "Humanizer.Core": "[3.0.1]"
        }
      },
      "Humanizer.Core.zh-Hans": {
        "type": "Transitive",
        "resolved": "3.0.1",
        "contentHash": "RI8vi3WpQxC7wyluN1LvLqp3YnyACEMhkpBXT0c73RALmWtwih7wskmbHvSG/GE/XXjOFhRdwqhKJQ6Ceh+YGw==",
        "dependencies": {
          "Humanizer.Core": "[3.0.1]"
        }
      },
      "Humanizer.Core.zh-Hant": {
        "type": "Transitive",
        "resolved": "3.0.1",
        "contentHash": "GWgEWGcflavxgcAil3ZYhnqmXZlaJA/QHURXC9GpSp7jrEGkN526ju67fEn0+LpzYRsj3mOZp2ZfFH1ltjD+FQ==",
        "dependencies": {
          "Humanizer.Core": "[3.0.1]"
        }
      },
      "Microsoft.AspNetCore.Authorization": {
        "type": "Transitive",
        "resolved": "10.0.1",
        "contentHash": "Y9QE0gH4Q4cR7ZRToFju47c1MoeqxaLHdpzOviqD2TmnGGAeDMT9AV56j2BOVm5CsJAVyI/USxLYrkk2NVinZA==",
        "dependencies": {
          "Microsoft.AspNetCore.Metadata": "10.0.1",
          "Microsoft.Extensions.Diagnostics": "10.0.1",
          "Microsoft.Extensions.Logging.Abstractions": "10.0.1",
          "Microsoft.Extensions.Options": "10.0.1"
        }
      },
      "Microsoft.AspNetCore.Components": {
        "type": "Transitive",
        "resolved": "10.0.1",
        "contentHash": "SbABcQ7soM9jC/HvPKrg/smQxsMD2gW9iHBRFtBiYTMSs5Vqh7+i47BTOe3OM3IGzly2FiOmeNHJhMYK7YFGWA==",
        "dependencies": {
          "Microsoft.AspNetCore.Authorization": "10.0.1",
          "Microsoft.AspNetCore.Components.Analyzers": "10.0.1"
        }
      },
      "Microsoft.AspNetCore.Components.Analyzers": {
        "type": "Transitive",
        "resolved": "10.0.1",
        "contentHash": "V4nOq0mNoX9OWz9pJz4uLcAu4GXWUKKHeoxKwugYhFOh4Yh3n7/+xXfgSXK1PZZOIQ3e1vJ7CNvB6evv4YphEA=="
      },
      "Microsoft.AspNetCore.Components.Forms": {
        "type": "Transitive",
        "resolved": "10.0.1",
        "contentHash": "aWUpLOz749gwMMaKe81tet+INC8nfskbauF2VO5Qr3lspj/l8S24zNLr95Bl8EwAizvBCNqwb8fPFU1dnn3WbA==",
        "dependencies": {
          "Microsoft.AspNetCore.Components": "10.0.1",
          "Microsoft.Extensions.Validation": "10.0.1"
        }
      },
      "Microsoft.AspNetCore.Metadata": {
        "type": "Transitive",
        "resolved": "10.0.1",
        "contentHash": "6JrG03xROuR4mQIHGcT8OnaKVBoPLLbto5RicKQIUV3JIU7cZYKIWDAnk0SQcl7ziQr6R327D6QBOo+PbYnnrw=="
      },
      "Microsoft.Extensions.DependencyModel": {
        "type": "Transitive",
        "resolved": "9.0.0",
        "contentHash": "saxr2XzwgDU77LaQfYFXmddEDRUKHF4DaGMZkNB3qjdVSZlax3//dGJagJkKrGMIPNZs2jVFXITyCCR6UHJNdA=="
      },
      "Microsoft.Extensions.Diagnostics": {
        "type": "Transitive",
        "resolved": "10.0.1",
        "contentHash": "YaocqxscJLxLit0F5yq2XyB+9C7rSRfeTL7MJIl7XwaOoUO3i0EqfO2kmtjiRduYWw7yjcSINEApYZbzjau2gQ==",
        "dependencies": {
          "Microsoft.Extensions.Configuration": "10.0.1",
          "Microsoft.Extensions.Diagnostics.Abstractions": "10.0.1",
          "Microsoft.Extensions.Options.ConfigurationExtensions": "10.0.1"
        }
      },
      "Microsoft.Extensions.Diagnostics.Abstractions": {
        "type": "Transitive",
        "resolved": "10.0.1",
        "contentHash": "QMoMrkNpnQym5mpfdxfxpRDuqLpsOuztguFvzH9p+Ex+do+uLFoi7UkAsBO4e9/tNR3eMFraFf2fOAi2cp3jjA==",
        "dependencies": {
          "Microsoft.Extensions.DependencyInjection.Abstractions": "10.0.1",
          "Microsoft.Extensions.Options": "10.0.1"
        }
      },
      "Microsoft.Extensions.FileProviders.Abstractions": {
        "type": "Transitive",
        "resolved": "10.0.1",
        "contentHash": "+b3DligYSZuoWltU5YdbMpIEUHNZPgPrzWfNiIuDkMdqOl93UxYB5KzS3lgpRfTXJhTNpo/CZ8w/sTkDTPDdxQ==",
        "dependencies": {
          "Microsoft.Extensions.Primitives": "10.0.1"
        }
      },
      "Microsoft.Extensions.Options": {
        "type": "Transitive",
        "resolved": "10.0.1",
        "contentHash": "G6VVwywpJI4XIobetGHwg7wDOYC2L2XBYdtskxLaKF/Ynb5QBwLl7Q//wxAR2aVCLkMpoQrjSP9VoORkyddsNQ==",
        "dependencies": {
          "Microsoft.Extensions.DependencyInjection.Abstractions": "10.0.1",
          "Microsoft.Extensions.Primitives": "10.0.1"
        }
      },
      "Microsoft.Extensions.Primitives": {
        "type": "Transitive",
        "resolved": "10.0.1",
        "contentHash": "DO8XrJkp5x4PddDuc/CH37yDBCs9BYN6ijlKyR3vMb55BP1Vwh90vOX8bNfnKxr5B2qEI3D8bvbY1fFbDveDHQ=="
      },
      "Microsoft.Extensions.Validation": {
        "type": "Transitive",
        "resolved": "10.0.1",
        "contentHash": "5bcu9zWhgY8AZUN1ERNH0BQKFh10xlx4UrCh+0cDn7wB01QkrK4S6Jh45fCgEqmWJWVGqBS2g8MN0Lu/99Zgdg==",
        "dependencies": {
          "Microsoft.Extensions.DependencyInjection.Abstractions": "10.0.1",
          "Microsoft.Extensions.Options": "10.0.1"
        }
      },
      "Microsoft.IdentityModel.Abstractions": {
        "type": "Transitive",
        "resolved": "8.15.0",
        "contentHash": "e/DApa1GfxUqHSBHcpiQg8yaghKAvFVBQFcWh25jNoRobDZbduTUACY8bZ54eeGWXvimGmEDdF0zkS5Dq16XPQ=="
      },
      "Microsoft.IdentityModel.Logging": {
        "type": "Transitive",
        "resolved": "8.15.0",
        "contentHash": "1gJLjhy0LV2RQMJ9NGzi5Tnb2l+c37o8D8Lrk2mrvmb6OQHZ7XJstd/XxvncXgBpad4x9CGXdipbZzJJCXKyAg==",
        "dependencies": {
          "Microsoft.IdentityModel.Abstractions": "8.15.0"
        }
      },
      "Microsoft.IdentityModel.Tokens": {
        "type": "Transitive",
        "resolved": "8.15.0",
        "contentHash": "zUE9ysJXBtXlHHRtcRK3Sp8NzdCI1z/BRDTXJQ2TvBoI0ENRtnufYIep0O5TSCJRJGDwwuLTUx+l/bEYZUxpCA==",
        "dependencies": {
          "Microsoft.Extensions.Logging.Abstractions": "10.0.0",
          "Microsoft.IdentityModel.Logging": "8.15.0"
        }
      },
      "Microsoft.JSInterop": {
        "type": "Transitive",
        "resolved": "10.0.1",
        "contentHash": "pTfoYBjs7HKmTEk9cNWcSySdTKT8USjviLgmMaSs/YA0+oONufKy9hqqZ5EE4CNy9y24SDDc9lerXfV7aiVfWA=="
      },
      "Serilog.Extensions.Logging": {
        "type": "Transitive",
        "resolved": "9.0.0",
        "contentHash": "NwSSYqPJeKNzl5AuXVHpGbr6PkZJFlNa14CdIebVjK3k/76kYj/mz5kiTRNVSsSaxM8kAIa1kpy/qyT9E4npRQ==",
        "dependencies": {
          "Microsoft.Extensions.Logging": "9.0.0",
          "Serilog": "4.2.0"
        }
      },
      "arkanis.overlay.common": {
        "type": "Project",
        "dependencies": {
          "FluentResults": "[4.0.0, )",
          "FluentValidation": "[12.1.0, )",
          "FluentValidation.DependencyInjectionExtensions": "[12.1.0, )",
          "FuzzySharp": "[2.0.2, )",
          "Humanizer": "[3.0.1, )",
          "JetBrains.Annotations": "[2025.2.2, )",
          "Microsoft.Extensions.Configuration.Abstractions": "[10.0.1, )",
          "Microsoft.Extensions.Configuration.Binder": "[10.0.1, )",
          "Microsoft.Extensions.DependencyInjection.Abstractions": "[10.0.1, )",
          "Microsoft.Extensions.Hosting.Abstractions": "[10.0.1, )",
          "Microsoft.Extensions.Logging.Abstractions": "[10.0.1, )",
          "Microsoft.Extensions.Options.ConfigurationExtensions": "[10.0.1, )",
          "Microsoft.IdentityModel.JsonWebTokens": "[8.15.0, )",
          "NuGet.Versioning": "[7.0.0, )",
          "Quartz": "[3.15.1, )",
          "Quartz.Jobs": "[3.15.1, )",
          "Riok.Mapperly": "[4.3.0, )",
          "Serilog": "[4.3.0, )",
          "Serilog.Expressions": "[5.1.0-dev-02309, )",
          "Serilog.Extensions.Hosting": "[9.0.0, )",
          "Serilog.Formatting.Compact": "[3.0.0, )",
          "Serilog.Settings.Configuration": "[9.0.0, )",
          "Serilog.Sinks.Async": "[2.1.0, )",
          "Serilog.Sinks.Console": "[6.1.1, )",
          "Serilog.Sinks.File": "[7.0.0, )",
          "Serilog.Sinks.Seq": "[9.0.0, )",
          "morelinq": "[4.4.0, )"
        }
      },
      "FluentResults": {
        "type": "CentralTransitive",
        "requested": "[4.0.0, )",
        "resolved": "4.0.0",
        "contentHash": "wKfdLvDnDVhXlSreU7u/NFNHH6EfoOhAloEID4ePAyk+ZliowKZJvX+aCL4hxhFc9Jj74t62amS4LyOYTjXGCg==",
        "dependencies": {
          "Microsoft.Extensions.Logging.Abstractions": "2.1.1"
        }
      },
      "FluentValidation": {
        "type": "CentralTransitive",
        "requested": "[12.1.0, )",
        "resolved": "12.1.0",
        "contentHash": "FqWEn8BdbbFEHGanj9K8SVo+LyBeFWy2rolaE+e1TNUbifr8M7Iss+I1AqTSc8kjKtvjl/WN4XIHiRpslh42bA=="
      },
      "FluentValidation.DependencyInjectionExtensions": {
        "type": "CentralTransitive",
        "requested": "[12.1.0, )",
        "resolved": "12.1.0",
        "contentHash": "p9ZnpVCUvkelSfqFYZP9aMtnuRlDRkrAAPqjQGG+1mVVn8zxE0bc1/RAFRBZKsPglbMBQOx8wXOZhg2fGstacQ==",
        "dependencies": {
          "FluentValidation": "12.1.0",
          "Microsoft.Extensions.Dependencyinjection.Abstractions": "2.1.0"
        }
      },
      "FuzzySharp": {
        "type": "CentralTransitive",
        "requested": "[2.0.2, )",
        "resolved": "2.0.2",
        "contentHash": "sBKqWxw3g//peYxDZ8JipRlyPbIyBtgzqBVA5GqwHVeqtIrw75maGXAllztf+1aJhchD+drcQIgf2mFho8ZV8A=="
      },
      "Humanizer": {
        "type": "CentralTransitive",
        "requested": "[3.0.1, )",
        "resolved": "3.0.1",
        "contentHash": "uRZV5kBBsgDO4ImrjmsJOcx7OGUb5nIlj2Yhm7aWzqJHv2ymMAMcAIvkHbHzE6Z35tYRz3u83lmXJ8vUGsuCFg==",
        "dependencies": {
          "Humanizer.Core.af": "3.0.1",
          "Humanizer.Core.ar": "3.0.1",
          "Humanizer.Core.az": "3.0.1",
          "Humanizer.Core.bg": "3.0.1",
          "Humanizer.Core.bn": "3.0.1",
          "Humanizer.Core.ca": "3.0.1",
          "Humanizer.Core.cs": "3.0.1",
          "Humanizer.Core.da": "3.0.1",
          "Humanizer.Core.de": "3.0.1",
          "Humanizer.Core.el": "3.0.1",
          "Humanizer.Core.es": "3.0.1",
          "Humanizer.Core.fa": "3.0.1",
          "Humanizer.Core.fi": "3.0.1",
          "Humanizer.Core.fil": "3.0.1",
          "Humanizer.Core.fr": "3.0.1",
          "Humanizer.Core.he": "3.0.1",
          "Humanizer.Core.hr": "3.0.1",
          "Humanizer.Core.hu": "3.0.1",
          "Humanizer.Core.hy": "3.0.1",
          "Humanizer.Core.id": "3.0.1",
          "Humanizer.Core.is": "3.0.1",
          "Humanizer.Core.it": "3.0.1",
          "Humanizer.Core.ja": "3.0.1",
          "Humanizer.Core.ko": "3.0.1",
          "Humanizer.Core.ku": "3.0.1",
          "Humanizer.Core.lb": "3.0.1",
          "Humanizer.Core.lt": "3.0.1",
          "Humanizer.Core.lv": "3.0.1",
          "Humanizer.Core.ms": "3.0.1",
          "Humanizer.Core.mt": "3.0.1",
          "Humanizer.Core.nb": "3.0.1",
          "Humanizer.Core.nl": "3.0.1",
          "Humanizer.Core.pl": "3.0.1",
          "Humanizer.Core.pt": "3.0.1",
          "Humanizer.Core.pt-BR": "3.0.1",
          "Humanizer.Core.ro": "3.0.1",
          "Humanizer.Core.ru": "3.0.1",
          "Humanizer.Core.sk": "3.0.1",
          "Humanizer.Core.sl": "3.0.1",
          "Humanizer.Core.sr": "3.0.1",
          "Humanizer.Core.sr-Latn": "3.0.1",
          "Humanizer.Core.sv": "3.0.1",
          "Humanizer.Core.th": "3.0.1",
          "Humanizer.Core.tr": "3.0.1",
          "Humanizer.Core.uk": "3.0.1",
          "Humanizer.Core.uz-Cyrl-UZ": "3.0.1",
          "Humanizer.Core.uz-Latn-UZ": "3.0.1",
          "Humanizer.Core.vi": "3.0.1",
          "Humanizer.Core.zh-CN": "3.0.1",
          "Humanizer.Core.zh-Hans": "3.0.1",
          "Humanizer.Core.zh-Hant": "3.0.1"
        }
      },
      "JetBrains.Annotations": {
        "type": "CentralTransitive",
        "requested": "[2025.2.2, )",
        "resolved": "2025.2.2",
        "contentHash": "0X56ZRizuHdrnPpgXjWV7f2tQO1FlQg5O1967OGKnI/4ZRNOK642J8L7brM1nYvrxTTU5TP1yRyXLRLaXLPQ8A=="
      },
      "Microsoft.AspNetCore.Components.Web": {
        "type": "CentralTransitive",
        "requested": "[10.0.1, )",
        "resolved": "10.0.1",
        "contentHash": "hX74ijqAiUfIo6WpvLWignGYp7tkrRR3KRVBErwFSAcsiHeaCxGM81fYRXd9rf+gkFUNoKvcSxYyVZc2vFJVXg==",
        "dependencies": {
          "Microsoft.AspNetCore.Components": "10.0.1",
          "Microsoft.AspNetCore.Components.Forms": "10.0.1",
          "Microsoft.Extensions.DependencyInjection": "10.0.1",
          "Microsoft.Extensions.Primitives": "10.0.1",
          "Microsoft.JSInterop": "10.0.1"
        }
      },
      "Microsoft.Extensions.Configuration": {
        "type": "CentralTransitive",
        "requested": "[10.0.1, )",
        "resolved": "10.0.1",
        "contentHash": "njoRekyMIK+smav8B6KL2YgIfUtlsRNuT7wvurpLW+m/hoRKVnoELk2YxnUnWRGScCd1rukLMxShwLqEOKowDg==",
        "dependencies": {
          "Microsoft.Extensions.Configuration.Abstractions": "10.0.1",
          "Microsoft.Extensions.Primitives": "10.0.1"
        }
      },
      "Microsoft.Extensions.Configuration.Abstractions": {
        "type": "CentralTransitive",
        "requested": "[10.0.1, )",
        "resolved": "10.0.1",
        "contentHash": "kPlU11hql+L9RjrN2N9/0GcRcRcZrNFlLLjadasFWeBORT6pL6OE+RYRk90GGCyVGSxTK+e1/f3dsMj5zpFFiQ==",
        "dependencies": {
          "Microsoft.Extensions.Primitives": "10.0.1"
        }
      },
      "Microsoft.Extensions.Configuration.Binder": {
        "type": "CentralTransitive",
        "requested": "[10.0.1, )",
        "resolved": "10.0.1",
        "contentHash": "Lp4CZIuTVXtlvkAnTq6QvMSW7+H62gX2cU2vdFxHQUxvrWTpi7LwYI3X+YAyIS0r12/p7gaosco7efIxL4yFNw==",
        "dependencies": {
          "Microsoft.Extensions.Configuration": "10.0.1",
          "Microsoft.Extensions.Configuration.Abstractions": "10.0.1"
        }
      },
      "Microsoft.Extensions.DependencyInjection": {
        "type": "CentralTransitive",
        "requested": "[10.0.1, )",
        "resolved": "10.0.1",
        "contentHash": "zerXV0GAR9LCSXoSIApbWn+Dq1/T+6vbXMHGduq1LoVQRHT0BXsGQEau0jeLUBUcsoF/NaUT8ADPu8b+eNcIyg==",
        "dependencies": {
          "Microsoft.Extensions.DependencyInjection.Abstractions": "10.0.1"
        }
      },
      "Microsoft.Extensions.DependencyInjection.Abstractions": {
        "type": "CentralTransitive",
        "requested": "[10.0.1, )",
        "resolved": "10.0.1",
        "contentHash": "oIy8fQxxbUsSrrOvgBqlVgOeCtDmrcynnTG+FQufcUWBrwyPfwlUkCDB2vaiBeYPyT+20u9/HeuHeBf+H4F/8g=="
      },
      "Microsoft.Extensions.Hosting.Abstractions": {
        "type": "CentralTransitive",
        "requested": "[10.0.1, )",
        "resolved": "10.0.1",
        "contentHash": "qmoQkVZcbm4/gFpted3W3Y+1kTATZTcUhV3mRkbtpfBXlxWCHwh/2oMffVcCruaGOfJuEnyAsGyaSUouSdECOw==",
        "dependencies": {
          "Microsoft.Extensions.Configuration.Abstractions": "10.0.1",
          "Microsoft.Extensions.DependencyInjection.Abstractions": "10.0.1",
          "Microsoft.Extensions.Diagnostics.Abstractions": "10.0.1",
          "Microsoft.Extensions.FileProviders.Abstractions": "10.0.1",
          "Microsoft.Extensions.Logging.Abstractions": "10.0.1"
        }
      },
      "Microsoft.Extensions.Logging": {
        "type": "CentralTransitive",
        "requested": "[10.0.1, )",
        "resolved": "10.0.1",
        "contentHash": "9ItMpMLFZFJFqCuHLLbR3LiA4ahA8dMtYuXpXl2YamSDWZhYS9BruPprkftY0tYi2bQ0slNrixdFm+4kpz1g5w==",
        "dependencies": {
          "Microsoft.Extensions.DependencyInjection": "10.0.1",
          "Microsoft.Extensions.Logging.Abstractions": "10.0.1",
          "Microsoft.Extensions.Options": "10.0.1"
        }
      },
      "Microsoft.Extensions.Logging.Abstractions": {
        "type": "CentralTransitive",
        "requested": "[10.0.1, )",
        "resolved": "10.0.1",
        "contentHash": "YkmyiPIWAXVb+lPIrM0LE5bbtLOJkCiRTFiHpkVOvhI7uTvCfoOHLEN0LcsY56GpSD7NqX3gJNpsaDe87/B3zg==",
        "dependencies": {
          "Microsoft.Extensions.DependencyInjection.Abstractions": "10.0.1"
        }
      },
      "Microsoft.Extensions.Options.ConfigurationExtensions": {
        "type": "CentralTransitive",
        "requested": "[10.0.1, )",
        "resolved": "10.0.1",
        "contentHash": "pL78/Im7O3WmxHzlKUsWTYchKL881udU7E26gCD3T0+/tPhWVfjPwMzfN/MRKU7aoFYcOiqcG2k1QTlH5woWow==",
        "dependencies": {
          "Microsoft.Extensions.Configuration.Abstractions": "10.0.1",
          "Microsoft.Extensions.Configuration.Binder": "10.0.1",
          "Microsoft.Extensions.DependencyInjection.Abstractions": "10.0.1",
          "Microsoft.Extensions.Options": "10.0.1",
          "Microsoft.Extensions.Primitives": "10.0.1"
        }
      },
      "Microsoft.IdentityModel.JsonWebTokens": {
        "type": "CentralTransitive",
        "requested": "[8.15.0, )",
        "resolved": "8.15.0",
        "contentHash": "3513f5VzvOZy3ELd42wGnh1Q3e83tlGAuXFSNbENpgWYoAhLLzgFtd5PiaOPGAU0gqKhYGVzKavghLUGfX3HQg==",
        "dependencies": {
          "Microsoft.IdentityModel.Tokens": "8.15.0"
        }
      },
      "morelinq": {
        "type": "CentralTransitive",
        "requested": "[4.4.0, )",
        "resolved": "4.4.0",
        "contentHash": "QX3bsK9oFeUXk8tFsc9NkI6NnCr8Ar/ex027p+ZZ/jdLCdX2RlryDtxUqZW5j45NVwn4E4Z4hzupsoMQd6Yxtg=="
      },
      "NuGet.Versioning": {
        "type": "CentralTransitive",
        "requested": "[7.0.0, )",
        "resolved": "7.0.0",
        "contentHash": "vMEhpystjAmHzWARE09PjYMWOiGgM+f9rJYMcXGs8soz9/url4qmU9O9Y+hy22kPuqozCMoGcJt0JzKRZ1woZg=="
      },
      "Quartz": {
        "type": "CentralTransitive",
        "requested": "[3.15.1, )",
        "resolved": "3.15.1",
        "contentHash": "XIbhzUAKSm3xdl1ORLPnK7mc5XANP3cuvYQhCtuX/8888IN41e9OXJak4R9OlmAGRnyAMqHE40yojVa89NS1wg==",
        "dependencies": {
          "Microsoft.Extensions.Logging.Abstractions": "2.1.1"
        }
      },
      "Quartz.Jobs": {
        "type": "CentralTransitive",
        "requested": "[3.15.1, )",
        "resolved": "3.15.1",
        "contentHash": "7zdCIwRnxX7vksRptOhxy/I5d1pkJWn+Pi+CYObHvYMWy4/hX0VuKf2e+m54ytNJzL0FTTNo+avg4Lwm3BQvHg==",
        "dependencies": {
          "Quartz": "3.15.1"
        }
      },
      "Riok.Mapperly": {
        "type": "CentralTransitive",
        "requested": "[4.3.0, )",
        "resolved": "4.3.0",
        "contentHash": "9M60fNhHAx4Gzm3ebavQn60UT8uuFBM9kSfhepEWlEMoPhd/4mAdJAtBZmi+6RZJWTHil/VC/DrzihhPq39xhg=="
      },
      "Serilog": {
        "type": "CentralTransitive",
        "requested": "[4.3.0, )",
        "resolved": "4.3.0",
        "contentHash": "+cDryFR0GRhsGOnZSKwaDzRRl4MupvJ42FhCE4zhQRVanX0Jpg6WuCBk59OVhVDPmab1bB+nRykAnykYELA9qQ=="
      },
      "Serilog.Expressions": {
        "type": "CentralTransitive",
        "requested": "[5.1.0-dev-02309, )",
        "resolved": "5.1.0-dev-02309",
        "contentHash": "4qCLmH3u1Xr73IjjsCOlABjtrVuJvMPCvWyrtS79azMnAXgkxpWvecs75KUN6ypvOqBe67kkHsHdZVBWGUVnaA==",
        "dependencies": {
          "Serilog": "4.2.0"
        }
      },
      "Serilog.Extensions.Hosting": {
        "type": "CentralTransitive",
        "requested": "[9.0.0, )",
        "resolved": "9.0.0",
        "contentHash": "u2TRxuxbjvTAldQn7uaAwePkWxTHIqlgjelekBtilAGL5sYyF3+65NWctN4UrwwGLsDC7c3Vz3HnOlu+PcoxXg==",
        "dependencies": {
          "Microsoft.Extensions.DependencyInjection.Abstractions": "9.0.0",
          "Microsoft.Extensions.Hosting.Abstractions": "9.0.0",
          "Microsoft.Extensions.Logging.Abstractions": "9.0.0",
          "Serilog": "4.2.0",
          "Serilog.Extensions.Logging": "9.0.0"
        }
      },
      "Serilog.Formatting.Compact": {
        "type": "CentralTransitive",
        "requested": "[3.0.0, )",
        "resolved": "3.0.0",
        "contentHash": "wQsv14w9cqlfB5FX2MZpNsTawckN4a8dryuNGbebB/3Nh1pXnROHZov3swtu3Nj5oNG7Ba+xdu7Et/ulAUPanQ==",
        "dependencies": {
          "Serilog": "4.0.0"
        }
      },
      "Serilog.Settings.Configuration": {
        "type": "CentralTransitive",
        "requested": "[9.0.0, )",
        "resolved": "9.0.0",
        "contentHash": "4/Et4Cqwa+F88l5SeFeNZ4c4Z6dEAIKbu3MaQb2Zz9F/g27T5a3wvfMcmCOaAiACjfUb4A6wrlTVfyYUZk3RRQ==",
        "dependencies": {
          "Microsoft.Extensions.Configuration.Binder": "9.0.0",
          "Microsoft.Extensions.DependencyModel": "9.0.0",
          "Serilog": "4.2.0"
        }
      },
      "Serilog.Sinks.Async": {
        "type": "CentralTransitive",
        "requested": "[2.1.0, )",
        "resolved": "2.1.0",
        "contentHash": "SnmRknWsSMgyo9wDXeZZCqSp48kkQYy44taSM6vcpxfiRICzSf09oLKEmVr0RCwQnfd8mJQ2WNN6nvhqf0RowQ==",
        "dependencies": {
          "Serilog": "4.1.0"
        }
      },
      "Serilog.Sinks.Console": {
        "type": "CentralTransitive",
        "requested": "[6.1.1, )",
        "resolved": "6.1.1",
        "contentHash": "8jbqgjUyZlfCuSTaJk6lOca465OndqOz3KZP6Cryt/IqZYybyBu7GP0fE/AXBzrrQB3EBmQntBFAvMVz1COvAA==",
        "dependencies": {
          "Serilog": "4.0.0"
        }
      },
      "Serilog.Sinks.File": {
        "type": "CentralTransitive",
        "requested": "[7.0.0, )",
        "resolved": "7.0.0",
        "contentHash": "fKL7mXv7qaiNBUC71ssvn/dU0k9t0o45+qm2XgKAlSt19xF+ijjxyA3R6HmCgfKEKwfcfkwWjayuQtRueZFkYw==",
        "dependencies": {
          "Serilog": "4.2.0"
        }
      },
      "Serilog.Sinks.Seq": {
        "type": "CentralTransitive",
        "requested": "[9.0.0, )",
        "resolved": "9.0.0",
        "contentHash": "aNU8A0K322q7+voPNmp1/qNPH+9QK8xvM1p72sMmCG0wGlshFzmtDW9QnVSoSYCj0MgQKcMOlgooovtBhRlNHw==",
        "dependencies": {
          "Serilog": "4.2.0",
          "Serilog.Sinks.File": "6.0.0"
        }
      }
    }
  }
}